
Microsoft Visual Studio Solution File, Format Version 11.00
# Visual Studio 2010
Project("{FAE04EC0-301F-11D3-BF4B-00C04F79EFBC}") = "WpfContextMenu", "WpfContextMenu\WpfContextMenu.csproj", "{C3AC8201-CC50-452C-9137-FE06BC4917C2}"
EndProject
Global
	GlobalSection(SolutionConfigurationPlatforms) = preSolution
		Debug|x86 = Debug|x86
		Release|x86 = Release|x86
	EndGlobalSection
	GlobalSection(ProjectConfigurationPlatforms) = postSolution
		{C3AC8201-CC50-452C-9137-FE06BC4917C2}.Debug|x86.ActiveCfg = Debug|x86
		{C3AC8201-CC50-452C-9137-FE06BC4917C2}.Debug|x86.Build.0 = Debug|x86
		{C3AC8201-CC50-452C-9137-FE06BC4917C2}.Release|x86.ActiveCfg = Release|x86
		{C3AC8201-CC50-452C-9137-FE06BC4917C2}.Release|x86.Build.0 = Release|x86
	EndGlobalSection
	GlobalSection(SolutionProperties) = preSolution
		HideSolutionNode = FALSE
	EndGlobalSection
EndGlobal
